# generated by rye
# use `rye lock` or `rye sync` to update this lockfile
#
# last locked with the following flags:
#   pre: false
#   features: []
#   all-features: false
#   with-sources: false

-e file:.
ahpy==2.0
    # via ahpip
annotated-types==0.6.0
    # via pydantic
contourpy==1.2.1
    # via matplotlib
cycler==0.12.1
    # via matplotlib
fonttools==4.51.0
    # via matplotlib
kiwisolver==1.4.5
    # via matplotlib
markdown-it-py==3.0.0
    # via rich
matplotlib==3.8.4
    # via ahpip
mdurl==0.1.2
    # via markdown-it-py
numpy==1.26.4
    # via ahpy
    # via contourpy
    # via matplotlib
    # via scipy
packaging==24.0
    # via matplotlib
pillow==10.3.0
    # via matplotlib
pip==24.0
    # via ahpip
pydantic==2.7.0
    # via ahpip
pydantic-core==2.18.1
    # via pydantic
pygments==2.17.2
    # via rich
pyparsing==3.1.2
    # via matplotlib
python-dateutil==2.9.0.post0
    # via matplotlib
rich==13.7.1
    # via ahpip
scipy==1.13.0
    # via ahpy
six==1.16.0
    # via python-dateutil
typing-extensions==4.11.0
    # via pydantic
    # via pydantic-core
